// !$*UTF8*$!
{
	archiveVersion = 1;
	classes = {
	};
	objectVersion = 46;
	objects = {

/* Begin PBXBuildFile section */
		356F323E1B7FA8E000C6D8C6 /* FontAwesome.ttf in Resources */ = {isa = PBXBuildFile; fileRef = 356F323D1B7FA8E000C6D8C6 /* FontAwesome.ttf */; };
		356F324B1B7FE89900C6D8C6 /* NSDate+Formatter.m in Sources */ = {isa = PBXBuildFile; fileRef = 356F32461B7FE89900C6D8C6 /* NSDate+Formatter.m */; };
		356F324C1B7FE89900C6D8C6 /* NSString+CellDimensions.m in Sources */ = {isa = PBXBuildFile; fileRef = 356F32481B7FE89900C6D8C6 /* NSString+CellDimensions.m */; };
		356F324D1B7FE89900C6D8C6 /* UIColor+Reddit.m in Sources */ = {isa = PBXBuildFile; fileRef = 356F324A1B7FE89900C6D8C6 /* UIColor+Reddit.m */; };
		356F32511B7FE8A300C6D8C6 /* PostCell.m in Sources */ = {isa = PBXBuildFile; fileRef = 356F324F1B7FE8A300C6D8C6 /* PostCell.m */; };
		356F32521B7FE8A300C6D8C6 /* PostCell.xib in Resources */ = {isa = PBXBuildFile; fileRef = 356F32501B7FE8A300C6D8C6 /* PostCell.xib */; };
		356F32551B7FE8B200C6D8C6 /* Post.m in Sources */ = {isa = PBXBuildFile; fileRef = 356F32541B7FE8B200C6D8C6 /* Post.m */; };
		356F32581B7FE8BD00C6D8C6 /* AlienFeedViewController.m in Sources */ = {isa = PBXBuildFile; fileRef = 356F32571B7FE8BD00C6D8C6 /* AlienFeedViewController.m */; };
		356F325B1B7FE8CA00C6D8C6 /* RedditClient.m in Sources */ = {isa = PBXBuildFile; fileRef = 356F325A1B7FE8CA00C6D8C6 /* RedditClient.m */; };
		35A608521B47A94A00853175 /* main.m in Sources */ = {isa = PBXBuildFile; fileRef = 35A608511B47A94A00853175 /* main.m */; };
		35A608551B47A94A00853175 /* AppDelegate.m in Sources */ = {isa = PBXBuildFile; fileRef = 35A608541B47A94A00853175 /* AppDelegate.m */; };
		35A6085D1B47A94A00853175 /* Images.xcassets in Resources */ = {isa = PBXBuildFile; fileRef = 35A6085C1B47A94A00853175 /* Images.xcassets */; };
		35A608601B47A94A00853175 /* LaunchScreen.xib in Resources */ = {isa = PBXBuildFile; fileRef = 35A6085E1B47A94A00853175 /* LaunchScreen.xib */; };
		35A6086C1B47A94A00853175 /* AlienCloneTests.m in Sources */ = {isa = PBXBuildFile; fileRef = 35A6086B1B47A94A00853175 /* AlienCloneTests.m */; };
		403B06C5C1D9058CE9C4AEFA /* libPods-AlienClone.a in Frameworks */ = {isa = PBXBuildFile; fileRef = FFB0E2C5C3AB041A84E9705A /* libPods-AlienClone.a */; };
/* End PBXBuildFile section */

/* Begin PBXContainerItemProxy section */
		35A608661B47A94A00853175 /* PBXContainerItemProxy */ = {
			isa = PBXContainerItemProxy;
			containerPortal = 35A608441B47A94A00853175 /* Project object */;
			proxyType = 1;
			remoteGlobalIDString = 35A6084B1B47A94A00853175;
			remoteInfo = AlienClone;
		};
/* End PBXContainerItemProxy section */

/* Begin PBXFileReference section */
		356F323D1B7FA8E000C6D8C6 /* FontAwesome.ttf */ = {isa = PBXFileReference; lastKnownFileType = file; path = FontAwesome.ttf; sourceTree = "<group>"; };
		356F32451B7FE89900C6D8C6 /* NSDate+Formatter.h */ = {isa = PBXFileReference; fileEncoding = 4; lastKnownFileType = sourcecode.c.h; name = "NSDate+Formatter.h"; path = "Categories/NSDate+Formatter.h"; sourceTree = "<group>"; };
		356F32461B7FE89900C6D8C6 /* NSDate+Formatter.m */ = {isa = PBXFileReference; fileEncoding = 4; lastKnownFileType = sourcecode.c.objc; name = "NSDate+Formatter.m"; path = "Categories/NSDate+Formatter.m"; sourceTree = "<group>"; };
		356F32471B7FE89900C6D8C6 /* NSString+CellDimensions.h */ = {isa = PBXFileReference; fileEncoding = 4; lastKnownFileType = sourcecode.c.h; name = "NSString+CellDimensions.h"; path = "Categories/NSString+CellDimensions.h"; sourceTree = "<group>"; };
		356F32481B7FE89900C6D8C6 /* NSString+CellDimensions.m */ = {isa = PBXFileReference; fileEncoding = 4; lastKnownFileType = sourcecode.c.objc; name = "NSString+CellDimensions.m"; path = "Categories/NSString+CellDimensions.m"; sourceTree = "<group>"; };
		356F32491B7FE89900C6D8C6 /* UIColor+Reddit.h */ = {isa = PBXFileReference; fileEncoding = 4; lastKnownFileType = sourcecode.c.h; name = "UIColor+Reddit.h"; path = "Categories/UIColor+Reddit.h"; sourceTree = "<group>"; };
		356F324A1B7FE89900C6D8C6 /* UIColor+Reddit.m */ = {isa = PBXFileReference; fileEncoding = 4; lastKnownFileType = sourcecode.c.objc; name = "UIColor+Reddit.m"; path = "Categories/UIColor+Reddit.m"; sourceTree = "<group>"; };
		356F324E1B7FE8A300C6D8C6 /* PostCell.h */ = {isa = PBXFileReference; fileEncoding = 4; lastKnownFileType = sourcecode.c.h; name = PostCell.h; path = Views/PostCell.h; sourceTree = "<group>"; };
		356F324F1B7FE8A300C6D8C6 /* PostCell.m */ = {isa = PBXFileReference; fileEncoding = 4; lastKnownFileType = sourcecode.c.objc; name = PostCell.m; path = Views/PostCell.m; sourceTree = "<group>"; };
		356F32501B7FE8A300C6D8C6 /* PostCell.xib */ = {isa = PBXFileReference; fileEncoding = 4; lastKnownFileType = file.xib; name = PostCell.xib; path = Views/PostCell.xib; sourceTree = "<group>"; };
		356F32531B7FE8B200C6D8C6 /* Post.h */ = {isa = PBXFileReference; fileEncoding = 4; lastKnownFileType = sourcecode.c.h; name = Post.h; path = Models/Post.h; sourceTree = "<group>"; };
		356F32541B7FE8B200C6D8C6 /* Post.m */ = {isa = PBXFileReference; fileEncoding = 4; lastKnownFileType = sourcecode.c.objc; name = Post.m; path = Models/Post.m; sourceTree = "<group>"; };
		356F32561B7FE8BD00C6D8C6 /* AlienFeedViewController.h */ = {isa = PBXFileReference; fileEncoding = 4; lastKnownFileType = sourcecode.c.h; name = AlienFeedViewController.h; path = Controllers/AlienFeedViewController.h; sourceTree = "<group>"; };
		356F32571B7FE8BD00C6D8C6 /* AlienFeedViewController.m */ = {isa = PBXFileReference; fileEncoding = 4; lastKnownFileType = sourcecode.c.objc; name = AlienFeedViewController.m; path = Controllers/AlienFeedViewController.m; sourceTree = "<group>"; };
		356F32591B7FE8CA00C6D8C6 /* RedditClient.h */ = {isa = PBXFileReference; fileEncoding = 4; lastKnownFileType = sourcecode.c.h; name = RedditClient.h; path = API/RedditClient.h; sourceTree = "<group>"; };
		356F325A1B7FE8CA00C6D8C6 /* RedditClient.m */ = {isa = PBXFileReference; fileEncoding = 4; lastKnownFileType = sourcecode.c.objc; name = RedditClient.m; path = API/RedditClient.m; sourceTree = "<group>"; };
		35A6084C1B47A94A00853175 /* AlienClone.app */ = {isa = PBXFileReference; explicitFileType = wrapper.application; includeInIndex = 0; path = AlienClone.app; sourceTree = BUILT_PRODUCTS_DIR; };
		35A608501B47A94A00853175 /* Info.plist */ = {isa = PBXFileReference; lastKnownFileType = text.plist.xml; path = Info.plist; sourceTree = "<group>"; };
		35A608511B47A94A00853175 /* main.m */ = {isa = PBXFileReference; lastKnownFileType = sourcecode.c.objc; path = main.m; sourceTree = "<group>"; };
		35A608531B47A94A00853175 /* AppDelegate.h */ = {isa = PBXFileReference; lastKnownFileType = sourcecode.c.h; path = AppDelegate.h; sourceTree = "<group>"; };
		35A608541B47A94A00853175 /* AppDelegate.m */ = {isa = PBXFileReference; lastKnownFileType = sourcecode.c.objc; path = AppDelegate.m; sourceTree = "<group>"; };
		35A6085C1B47A94A00853175 /* Images.xcassets */ = {isa = PBXFileReference; lastKnownFileType = folder.assetcatalog; path = Images.xcassets; sourceTree = "<group>"; };
		35A6085F1B47A94A00853175 /* Base */ = {isa = PBXFileReference; lastKnownFileType = file.xib; name = Base; path = Base.lproj/LaunchScreen.xib; sourceTree = "<group>"; };
		35A608651B47A94A00853175 /* AlienCloneTests.xctest */ = {isa = PBXFileReference; explicitFileType = wrapper.cfbundle; includeInIndex = 0; path = AlienCloneTests.xctest; sourceTree = BUILT_PRODUCTS_DIR; };
		35A6086A1B47A94A00853175 /* Info.plist */ = {isa = PBXFileReference; lastKnownFileType = text.plist.xml; path = Info.plist; sourceTree = "<group>"; };
		35A6086B1B47A94A00853175 /* AlienCloneTests.m */ = {isa = PBXFileReference; lastKnownFileType = sourcecode.c.objc; path = AlienCloneTests.m; sourceTree = "<group>"; };
		5044FF3E884F5671CD1C8FBC /* Pods-AlienClone.debug.xcconfig */ = {isa = PBXFileReference; includeInIndex = 1; lastKnownFileType = text.xcconfig; name = "Pods-AlienClone.debug.xcconfig"; path = "Pods/Target Support Files/Pods-AlienClone/Pods-AlienClone.debug.xcconfig"; sourceTree = "<group>"; };
		8552B33FD1874AEBE916BAA0 /* Pods-AlienClone.release.xcconfig */ = {isa = PBXFileReference; includeInIndex = 1; lastKnownFileType = text.xcconfig; name = "Pods-AlienClone.release.xcconfig"; path = "Pods/Target Support Files/Pods-AlienClone/Pods-AlienClone.release.xcconfig"; sourceTree = "<group>"; };
		FFB0E2C5C3AB041A84E9705A /* libPods-AlienClone.a */ = {isa = PBXFileReference; explicitFileType = archive.ar; includeInIndex = 0; path = "libPods-AlienClone.a"; sourceTree = BUILT_PRODUCTS_DIR; };
/* End PBXFileReference section */

/* Begin PBXFrameworksBuildPhase section */
		35A608491B47A94A00853175 /* Frameworks */ = {
			isa = PBXFrameworksBuildPhase;
			buildActionMask = 2147483647;
			files = (
				403B06C5C1D9058CE9C4AEFA /* libPods-AlienClone.a in Frameworks */,
			);
			runOnlyForDeploymentPostprocessing = 0;
		};
		35A608621B47A94A00853175 /* Frameworks */ = {
			isa = PBXFrameworksBuildPhase;
			buildActionMask = 2147483647;
			files = (
			);
			runOnlyForDeploymentPostprocessing = 0;
		};
/* End PBXFrameworksBuildPhase section */

/* Begin PBXGroup section */
		35A608431B47A94A00853175 = {
			isa = PBXGroup;
			children = (
				35A6084E1B47A94A00853175 /* AlienClone */,
				35A608681B47A94A00853175 /* AlienCloneTests */,
				35A6084D1B47A94A00853175 /* Products */,
				E6502F14F4BC6731B451AD05 /* Pods */,
				3CAEEB3CD4F9EA25234DAD80 /* Frameworks */,
			);
			sourceTree = "<group>";
		};
		35A6084D1B47A94A00853175 /* Products */ = {
			isa = PBXGroup;
			children = (
				35A6084C1B47A94A00853175 /* AlienClone.app */,
				35A608651B47A94A00853175 /* AlienCloneTests.xctest */,
			);
			name = Products;
			sourceTree = "<group>";
		};
		35A6084E1B47A94A00853175 /* AlienClone */ = {
			isa = PBXGroup;
			children = (
				35A63D281B4CD20C00C50B60 /* Categories */,
				35A63D271B4CD20600C50B60 /* Views */,
				35A63D261B4CD20000C50B60 /* Models */,
				35A63D251B4CD15000C50B60 /* Controllers */,
				35A63D241B4CD13900C50B60 /* API */,
				35A608531B47A94A00853175 /* AppDelegate.h */,
				35A608541B47A94A00853175 /* AppDelegate.m */,
				35A6085C1B47A94A00853175 /* Images.xcassets */,
				35A6085E1B47A94A00853175 /* LaunchScreen.xib */,
				35A6084F1B47A94A00853175 /* Supporting Files */,
			);
			path = AlienClone;
			sourceTree = "<group>";
		};
		35A6084F1B47A94A00853175 /* Supporting Files */ = {
			isa = PBXGroup;
			children = (
				356F323D1B7FA8E000C6D8C6 /* FontAwesome.ttf */,
				35A608501B47A94A00853175 /* Info.plist */,
				35A608511B47A94A00853175 /* main.m */,
			);
			name = "Supporting Files";
			sourceTree = "<group>";
		};
		35A608681B47A94A00853175 /* AlienCloneTests */ = {
			isa = PBXGroup;
			children = (
				35A6086B1B47A94A00853175 /* AlienCloneTests.m */,
				35A608691B47A94A00853175 /* Supporting Files */,
			);
			path = AlienCloneTests;
			sourceTree = "<group>";
		};
		35A608691B47A94A00853175 /* Supporting Files */ = {
			isa = PBXGroup;
			children = (
				35A6086A1B47A94A00853175 /* Info.plist */,
			);
			name = "Supporting Files";
			sourceTree = "<group>";
		};
		35A63D241B4CD13900C50B60 /* API */ = {
			isa = PBXGroup;
			children = (
				356F32591B7FE8CA00C6D8C6 /* RedditClient.h */,
				356F325A1B7FE8CA00C6D8C6 /* RedditClient.m */,
			);
			name = API;
			sourceTree = "<group>";
		};
		35A63D251B4CD15000C50B60 /* Controllers */ = {
			isa = PBXGroup;
			children = (
				356F32561B7FE8BD00C6D8C6 /* AlienFeedViewController.h */,
				356F32571B7FE8BD00C6D8C6 /* AlienFeedViewController.m */,
			);
			name = Controllers;
			sourceTree = "<group>";
		};
		35A63D261B4CD20000C50B60 /* Models */ = {
			isa = PBXGroup;
			children = (
				356F32531B7FE8B200C6D8C6 /* Post.h */,
				356F32541B7FE8B200C6D8C6 /* Post.m */,
			);
			name = Models;
			sourceTree = "<group>";
		};
		35A63D271B4CD20600C50B60 /* Views */ = {
			isa = PBXGroup;
			children = (
				356F324E1B7FE8A300C6D8C6 /* PostCell.h */,
				356F324F1B7FE8A300C6D8C6 /* PostCell.m */,
				356F32501B7FE8A300C6D8C6 /* PostCell.xib */,
			);
			name = Views;
			sourceTree = "<group>";
		};
		35A63D281B4CD20C00C50B60 /* Categories */ = {
			isa = PBXGroup;
			children = (
				356F32451B7FE89900C6D8C6 /* NSDate+Formatter.h */,
				356F32461B7FE89900C6D8C6 /* NSDate+Formatter.m */,
				356F32471B7FE89900C6D8C6 /* NSString+CellDimensions.h */,
				356F32481B7FE89900C6D8C6 /* NSString+CellDimensions.m */,
				356F32491B7FE89900C6D8C6 /* UIColor+Reddit.h */,
				356F324A1B7FE89900C6D8C6 /* UIColor+Reddit.m */,
			);
			name = Categories;
			sourceTree = "<group>";
		};
		3CAEEB3CD4F9EA25234DAD80 /* Frameworks */ = {
			isa = PBXGroup;
			children = (
				FFB0E2C5C3AB041A84E9705A /* libPods-AlienClone.a */,
			);
			name = Frameworks;
			sourceTree = "<group>";
		};
		E6502F14F4BC6731B451AD05 /* Pods */ = {
			isa = PBXGroup;
			children = (
				5044FF3E884F5671CD1C8FBC /* Pods-AlienClone.debug.xcconfig */,
				8552B33FD1874AEBE916BAA0 /* Pods-AlienClone.release.xcconfig */,
			);
			name = Pods;
			sourceTree = "<group>";
		};
/* End PBXGroup section */

/* Begin PBXNativeTarget section */
		35A6084B1B47A94A00853175 /* AlienClone */ = {
			isa = PBXNativeTarget;
			buildConfigurationList = 35A6086F1B47A94A00853175 /* Build configuration list for PBXNativeTarget "AlienClone" */;
			buildPhases = (
				7D907D6ADB4E0D42047FDAE2 /* Check Pods Manifest.lock */,
				35A608481B47A94A00853175 /* Sources */,
				35A608491B47A94A00853175 /* Frameworks */,
				35A6084A1B47A94A00853175 /* Resources */,
				D2719659145E26DE64D878D5 /* Copy Pods Resources */,
			);
			buildRules = (
			);
			dependencies = (
			);
			name = AlienClone;
			productName = AlienClone;
			productReference = 35A6084C1B47A94A00853175 /* AlienClone.app */;
			productType = "com.apple.product-type.application";
		};
		35A608641B47A94A00853175 /* AlienCloneTests */ = {
			isa = PBXNativeTarget;
			buildConfigurationList = 35A608721B47A94A00853175 /* Build configuration list for PBXNativeTarget "AlienCloneTests" */;
			buildPhases = (
				35A608611B47A94A00853175 /* Sources */,
				35A608621B47A94A00853175 /* Frameworks */,
				35A608631B47A94A00853175 /* Resources */,
			);
			buildRules = (
			);
			dependencies = (
				35A608671B47A94A00853175 /* PBXTargetDependency */,
			);
			name = AlienCloneTests;
			productName = AlienCloneTests;
			productReference = 35A608651B47A94A00853175 /* AlienCloneTests.xctest */;
			productType = "com.apple.product-type.bundle.unit-test";
		};
/* End PBXNativeTarget section */

/* Begin PBXProject section */
		35A608441B47A94A00853175 /* Project object */ = {
			isa = PBXProject;
			attributes = {
				LastUpgradeCheck = 0640;
				ORGANIZATIONNAME = "Charlie Massry";
				TargetAttributes = {
					35A6084B1B47A94A00853175 = {
						CreatedOnToolsVersion = 6.4;
					};
					35A608641B47A94A00853175 = {
						CreatedOnToolsVersion = 6.4;
						TestTargetID = 35A6084B1B47A94A00853175;
					};
				};
			};
			buildConfigurationList = 35A608471B47A94A00853175 /* Build configuration list for PBXProject "AlienClone" */;
			compatibilityVersion = "Xcode 3.2";
			developmentRegion = English;
			hasScannedForEncodings = 0;
			knownRegions = (
				en,
				Base,
			);
			mainGroup = 35A608431B47A94A00853175;
			productRefGroup = 35A6084D1B47A94A00853175 /* Products */;
			projectDirPath = "";
			projectRoot = "";
			targets = (
				35A6084B1B47A94A00853175 /* AlienClone */,
				35A608641B47A94A00853175 /* AlienCloneTests */,
			);
		};
/* End PBXProject section */

/* Begin PBXResourcesBuildPhase section */
		35A6084A1B47A94A00853175 /* Resources */ = {
			isa = PBXResourcesBuildPhase;
			buildActionMask = 2147483647;
			files = (
				35A608601B47A94A00853175 /* LaunchScreen.xib in Resources */,
				35A6085D1B47A94A00853175 /* Images.xcassets in Resources */,
				356F323E1B7FA8E000C6D8C6 /* FontAwesome.ttf in Resources */,
				356F32521B7FE8A300C6D8C6 /* PostCell.xib in Resources */,
			);
			runOnlyForDeploymentPostprocessing = 0;
		};
		35A608631B47A94A00853175 /* Resources */ = {
			isa = PBXResourcesBuildPhase;
			buildActionMask = 2147483647;
			files = (
			);
			runOnlyForDeploymentPostprocessing = 0;
		};
/* End PBXResourcesBuildPhase section */

/* Begin PBXShellScriptBuildPhase section */
		7D907D6ADB4E0D42047FDAE2 /* Check Pods Manifest.lock */ = {
			isa = PBXShellScriptBuildPhase;
			buildActionMask = 2147483647;
			files = (
			);
			inputPaths = (
			);
			name = "Check Pods Manifest.lock";
			outputPaths = (
			);
			runOnlyForDeploymentPostprocessing = 0;
			shellPath = /bin/sh;
			shellScript = "diff \"${PODS_ROOT}/../Podfile.lock\" \"${PODS_ROOT}/Manifest.lock\" > /dev/null\nif [[ $? != 0 ]] ; then\n    cat << EOM\nerror: The sandbox is not in sync with the Podfile.lock. Run 'pod install' or update your CocoaPods installation.\nEOM\n    exit 1\nfi\n";
			showEnvVarsInLog = 0;
		};
		D2719659145E26DE64D878D5 /* Copy Pods Resources */ = {
			isa = PBXShellScriptBuildPhase;
			buildActionMask = 2147483647;
			files = (
			);
			inputPaths = (
			);
			name = "Copy Pods Resources";
			outputPaths = (
			);
			runOnlyForDeploymentPostprocessing = 0;
			shellPath = /bin/sh;
			shellScript = "\"${SRCROOT}/Pods/Target Support Files/Pods-AlienClone/Pods-AlienClone-resources.sh\"\n";
			showEnvVarsInLog = 0;
		};
/* End PBXShellScriptBuildPhase section */

/* Begin PBXSourcesBuildPhase section */
		35A608481B47A94A00853175 /* Sources */ = {
			isa = PBXSourcesBuildPhase;
			buildActionMask = 2147483647;
			files = (
				356F32581B7FE8BD00C6D8C6 /* AlienFeedViewController.m in Sources */,
				356F324D1B7FE89900C6D8C6 /* UIColor+Reddit.m in Sources */,
				356F324C1B7FE89900C6D8C6 /* NSString+CellDimensions.m in Sources */,
				35A608551B47A94A00853175 /* AppDelegate.m in Sources */,
				35A608521B47A94A00853175 /* main.m in Sources */,
				356F325B1B7FE8CA00C6D8C6 /* RedditClient.m in Sources */,
				356F324B1B7FE89900C6D8C6 /* NSDate+Formatter.m in Sources */,
				356F32511B7FE8A300C6D8C6 /* PostCell.m in Sources */,
				356F32551B7FE8B200C6D8C6 /* Post.m in Sources */,
			);
			runOnlyForDeploymentPostprocessing = 0;
		};
		35A608611B47A94A00853175 /* Sources */ = {
			isa = PBXSourcesBuildPhase;
			buildActionMask = 2147483647;
			files = (
				35A6086C1B47A94A00853175 /* AlienCloneTests.m in Sources */,
			);
			runOnlyForDeploymentPostprocessing = 0;
		};
/* End PBXSourcesBuildPhase section */

/* Begin PBXTargetDependency section */
		35A608671B47A94A00853175 /* PBXTargetDependency */ = {
			isa = PBXTargetDependency;
			target = 35A6084B1B47A94A00853175 /* AlienClone */;
			targetProxy = 35A608661B47A94A00853175 /* PBXContainerItemProxy */;
		};
/* End PBXTargetDependency section */

/* Begin PBXVariantGroup section */
		35A6085E1B47A94A00853175 /* LaunchScreen.xib */ = {
			isa = PBXVariantGroup;
			children = (
				35A6085F1B47A94A00853175 /* Base */,
			);
			name = LaunchScreen.xib;
			sourceTree = "<group>";
		};
/* End PBXVariantGroup section */

/* Begin XCBuildConfiguration section */
		35A6086D1B47A94A00853175 /* Debug */ = {
			isa = XCBuildConfiguration;
			buildSettings = {
				ALWAYS_SEARCH_USER_PATHS = NO;
				CLANG_CXX_LANGUAGE_STANDARD = "gnu++0x";
				CLANG_CXX_LIBRARY = "libc++";
				CLANG_ENABLE_MODULES = YES;
				CLANG_ENABLE_OBJC_ARC = YES;
				CLANG_WARN_BOOL_CONVERSION = YES;
				CLANG_WARN_CONSTANT_CONVERSION = YES;
				CLANG_WARN_DIRECT_OBJC_ISA_USAGE = YES_ERROR;
				CLANG_WARN_EMPTY_BODY = YES;
				CLANG_WARN_ENUM_CONVERSION = YES;
				CLANG_WARN_INT_CONVERSION = YES;
				CLANG_WARN_OBJC_ROOT_CLASS = YES_ERROR;
				CLANG_WARN_UNREACHABLE_CODE = YES;
				CLANG_WARN__DUPLICATE_METHOD_MATCH = YES;
				"CODE_SIGN_IDENTITY[sdk=iphoneos*]" = "iPhone Developer";
				COPY_PHASE_STRIP = NO;
				DEBUG_INFORMATION_FORMAT = "dwarf-with-dsym";
				ENABLE_STRICT_OBJC_MSGSEND = YES;
				GCC_C_LANGUAGE_STANDARD = gnu99;
				GCC_DYNAMIC_NO_PIC = NO;
				GCC_NO_COMMON_BLOCKS = YES;
				GCC_OPTIMIZATION_LEVEL = 0;
				GCC_PREPROCESSOR_DEFINITIONS = (
					"DEBUG=1",
					"$(inherited)",
				);
				GCC_SYMBOLS_PRIVATE_EXTERN = NO;
				GCC_WARN_64_TO_32_BIT_CONVERSION = YES;
				GCC_WARN_ABOUT_RETURN_TYPE = YES_ERROR;
				GCC_WARN_UNDECLARED_SELECTOR = YES;
				GCC_WARN_UNINITIALIZED_AUTOS = YES_AGGRESSIVE;
				GCC_WARN_UNUSED_FUNCTION = YES;
				GCC_WARN_UNUSED_VARIABLE = YES;
				IPHONEOS_DEPLOYMENT_TARGET = 8.4;
				MTL_ENABLE_DEBUG_INFO = YES;
				ONLY_ACTIVE_ARCH = YES;
				SDKROOT = iphoneos;
				TARGETED_DEVICE_FAMILY = "1,2";
			};
			name = Debug;
		};
		35A6086E1B47A94A00853175 /* Release */ = {
			isa = XCBuildConfiguration;
			buildSettings = {
				ALWAYS_SEARCH_USER_PATHS = NO;
				CLANG_CXX_LANGUAGE_STANDARD = "gnu++0x";
				CLANG_CXX_LIBRARY = "libc++";
				CLANG_ENABLE_MODULES = YES;
				CLANG_ENABLE_OBJC_ARC = YES;
				CLANG_WARN_BOOL_CONVERSION = YES;
				CLANG_WARN_CONSTANT_CONVERSION = YES;
				CLANG_WARN_DIRECT_OBJC_ISA_USAGE = YES_ERROR;
				CLANG_WARN_EMPTY_BODY = YES;
				CLANG_WARN_ENUM_CONVERSION = YES;
				CLANG_WARN_INT_CONVERSION = YES;
				CLANG_WARN_OBJC_ROOT_CLASS = YES_ERROR;
				CLANG_WARN_UNREACHABLE_CODE = YES;
				CLANG_WARN__DUPLICATE_METHOD_MATCH = YES;
				"CODE_SIGN_IDENTITY[sdk=iphoneos*]" = "iPhone Developer";
				COPY_PHASE_STRIP = NO;
				DEBUG_INFORMATION_FORMAT = "dwarf-with-dsym";
				ENABLE_NS_ASSERTIONS = NO;
				ENABLE_STRICT_OBJC_MSGSEND = YES;
				GCC_C_LANGUAGE_STANDARD = gnu99;
				GCC_NO_COMMON_BLOCKS = YES;
				GCC_WARN_64_TO_32_BIT_CONVERSION = YES;
				GCC_WARN_ABOUT_RETURN_TYPE = YES_ERROR;
				GCC_WARN_UNDECLARED_SELECTOR = YES;
				GCC_WARN_UNINITIALIZED_AUTOS = YES_AGGRESSIVE;
				GCC_WARN_UNUSED_FUNCTION = YES;
				GCC_WARN_UNUSED_VARIABLE = YES;
				IPHONEOS_DEPLOYMENT_TARGET = 8.4;
				MTL_ENABLE_DEBUG_INFO = NO;
				SDKROOT = iphoneos;
				TARGETED_DEVICE_FAMILY = "1,2";
				VALIDATE_PRODUCT = YES;
			};
			name = Release;
		};
		35A608701B47A94A00853175 /* Debug */ = {
			isa = XCBuildConfiguration;
			baseConfigurationReference = 5044FF3E884F5671CD1C8FBC /* Pods-AlienClone.debug.xcconfig */;
			buildSettings = {
				ASSETCATALOG_COMPILER_APPICON_NAME = AppIcon;
				INFOPLIST_FILE = AlienClone/Info.plist;
				LD_RUNPATH_SEARCH_PATHS = "$(inherited) @executable_path/Frameworks";
				PRODUCT_NAME = "$(TARGET_NAME)";
			};
			name = Debug;
		};
		35A608711B47A94A00853175 /* Release */ = {
			isa = XCBuildConfiguration;
			baseConfigurationReference = 8552B33FD1874AEBE916BAA0 /* Pods-AlienClone.release.xcconfig */;
			buildSettings = {
				ASSETCATALOG_COMPILER_APPICON_NAME = AppIcon;
				INFOPLIST_FILE = AlienClone/Info.plist;
				LD_RUNPATH_SEARCH_PATHS = "$(inherited) @executable_path/Frameworks";
				PRODUCT_NAME = "$(TARGET_NAME)";
			};
			name = Release;
		};
		35A608731B47A94A00853175 /* Debug */ = {
			isa = XCBuildConfiguration;
			buildSettings = {
				BUNDLE_LOADER = "$(TEST_HOST)";
				FRAMEWORK_SEARCH_PATHS = (
					"$(SDKROOT)/Developer/Library/Frameworks",
					"$(inherited)",
				);
				GCC_PREPROCESSOR_DEFINITIONS = (
					"DEBUG=1",
					"$(inherited)",
				);
				INFOPLIST_FILE = AlienCloneTests/Info.plist;
				LD_RUNPATH_SEARCH_PATHS = "$(inherited) @executable_path/Frameworks @loader_path/Frameworks";
				PRODUCT_NAME = "$(TARGET_NAME)";
				TEST_HOST = "$(BUILT_PRODUCTS_DIR)/AlienClone.app/AlienClone";
			};
			name = Debug;
		};
		35A608741B47A94A00853175 /* Release */ = {
			isa = XCBuildConfiguration;
			buildSettings = {
				BUNDLE_LOADER = "$(TEST_HOST)";
				FRAMEWORK_SEARCH_PATHS = (
					"$(SDKROOT)/Developer/Library/Frameworks",
					"$(inherited)",
				);
				INFOPLIST_FILE = AlienCloneTests/Info.plist;
				LD_RUNPATH_SEARCH_PATHS = "$(inherited) @executable_path/Frameworks @loader_path/Frameworks";
				PRODUCT_NAME = "$(TARGET_NAME)";
				TEST_HOST = "$(BUILT_PRODUCTS_DIR)/AlienClone.app/AlienClone";
			};
			name = Release;
		};
/* End XCBuildConfiguration section */

/* Begin XCConfigurationList section */
		35A608471B47A94A00853175 /* Build configuration list for PBXProject "AlienClone" */ = {
			isa = XCConfigurationList;
			buildConfigurations = (
				35A6086D1B47A94A00853175 /* Debug */,
				35A6086E1B47A94A00853175 /* Release */,
			);
			defaultConfigurationIsVisible = 0;
			defaultConfigurationName = Release;
		};
		35A6086F1B47A94A00853175 /* Build configuration list for PBXNativeTarget "AlienClone" */ = {
			isa = XCConfigurationList;
			buildConfigurations = (
				35A608701B47A94A00853175 /* Debug */,
				35A608711B47A94A00853175 /* Release */,
			);
			defaultConfigurationIsVisible = 0;
			defaultConfigurationName = Release;
		};
		35A608721B47A94A00853175 /* Build configuration list for PBXNativeTarget "AlienCloneTests" */ = {
			isa = XCConfigurationList;
			buildConfigurations = (
				35A608731B47A94A00853175 /* Debug */,
				35A608741B47A94A00853175 /* Release */,
			);
			defaultConfigurationIsVisible = 0;
			defaultConfigurationName = Release;
		};
/* End XCConfigurationList section */
	};
	rootObject = 35A608441B47A94A00853175 /* Project object */;
}
